
Microsoft Visual Studio Solution File, Format Version 12.00
# Visual Studio 2012
Project("{FAE04EC0-301F-11D3-BF4B-00C04F79EFBC}") = "Afisha.Web", "Afisha.Web\Afisha.Web.csproj", "{A29CE302-ACD6-4200-9930-F3ADF31623A3}"
EndProject
Project("{2150E333-8FDC-42A3-9474-1A3956D46DE8}") = ".nuget", ".nuget", "{06097A0F-990B-41A2-B0A5-12E7008F0A46}"
	ProjectSection(SolutionItems) = preProject
		.nuget\NuGet.Config = .nuget\NuGet.Config
		.nuget\NuGet.exe = .nuget\NuGet.exe
		.nuget\NuGet.targets = .nuget\NuGet.targets
	EndProjectSection
EndProject
Project("{FAE04EC0-301F-11D3-BF4B-00C04F79EFBC}") = "Afisha.Models", "Afisha.Models\Afisha.Models.csproj", "{3C1497CE-8829-4A13-8359-45E779913743}"
EndProject
Project("{FAE04EC0-301F-11D3-BF4B-00C04F79EFBC}") = "Afisha.Data", "Afisha.Data\Afisha.Data.csproj", "{527ABBB6-C976-4842-A893-E7C83DBBE444}"
EndProject
Project("{FAE04EC0-301F-11D3-BF4B-00C04F79EFBC}") = "Afisha.Data.Tests", "Afisha.Data.Tests\Afisha.Data.Tests.csproj", "{C54DF464-09F6-40DB-BC49-52F56E9BE7ED}"
EndProject
Global
	GlobalSection(SolutionConfigurationPlatforms) = preSolution
		Debug|Any CPU = Debug|Any CPU
		Release|Any CPU = Release|Any CPU
	EndGlobalSection
	GlobalSection(ProjectConfigurationPlatforms) = postSolution
		{A29CE302-ACD6-4200-9930-F3ADF31623A3}.Debug|Any CPU.ActiveCfg = Debug|Any CPU
		{A29CE302-ACD6-4200-9930-F3ADF31623A3}.Debug|Any CPU.Build.0 = Debug|Any CPU
		{A29CE302-ACD6-4200-9930-F3ADF31623A3}.Release|Any CPU.ActiveCfg = Release|Any CPU
		{A29CE302-ACD6-4200-9930-F3ADF31623A3}.Release|Any CPU.Build.0 = Release|Any CPU
		{3C1497CE-8829-4A13-8359-45E779913743}.Debug|Any CPU.ActiveCfg = Debug|Any CPU
		{3C1497CE-8829-4A13-8359-45E779913743}.Debug|Any CPU.Build.0 = Debug|Any CPU
		{3C1497CE-8829-4A13-8359-45E779913743}.Release|Any CPU.ActiveCfg = Release|Any CPU
		{3C1497CE-8829-4A13-8359-45E779913743}.Release|Any CPU.Build.0 = Release|Any CPU
		{527ABBB6-C976-4842-A893-E7C83DBBE444}.Debug|Any CPU.ActiveCfg = Debug|Any CPU
		{527ABBB6-C976-4842-A893-E7C83DBBE444}.Debug|Any CPU.Build.0 = Debug|Any CPU
		{527ABBB6-C976-4842-A893-E7C83DBBE444}.Release|Any CPU.ActiveCfg = Release|Any CPU
		{527ABBB6-C976-4842-A893-E7C83DBBE444}.Release|Any CPU.Build.0 = Release|Any CPU
		{C54DF464-09F6-40DB-BC49-52F56E9BE7ED}.Debug|Any CPU.ActiveCfg = Debug|Any CPU
		{C54DF464-09F6-40DB-BC49-52F56E9BE7ED}.Debug|Any CPU.Build.0 = Debug|Any CPU
		{C54DF464-09F6-40DB-BC49-52F56E9BE7ED}.Release|Any CPU.ActiveCfg = Release|Any CPU
		{C54DF464-09F6-40DB-BC49-52F56E9BE7ED}.Release|Any CPU.Build.0 = Release|Any CPU
	EndGlobalSection
	GlobalSection(SolutionProperties) = preSolution
		HideSolutionNode = FALSE
	EndGlobalSection
EndGlobal
